
Microsoft Visual Studio Solution File, Format Version 12.00
# Visual Studio Version 16
VisualStudioVersion = 16.0.29418.71
MinimumVisualStudioVersion = 10.0.40219.1
Project("{9A19103F-16F7-4668-BE54-9A1E7A4F7556}") = "CareerCloudCore.UnitTests.Assignment3", "CareerCloudCore.UnitTests.Assignment3.csproj", "{9843AF75-FF4B-41B2-B394-BA4BC7ADA129}"
EndProject
Global
	GlobalSection(SolutionConfigurationPlatforms) = preSolution
		Debug|Any CPU = Debug|Any CPU
		Release|Any CPU = Release|Any CPU
	EndGlobalSection
	GlobalSection(ProjectConfigurationPlatforms) = postSolution
		{9843AF75-FF4B-41B2-B394-BA4BC7ADA129}.Debug|Any CPU.ActiveCfg = Debug|Any CPU
		{9843AF75-FF4B-41B2-B394-BA4BC7ADA129}.Debug|Any CPU.Build.0 = Debug|Any CPU
		{9843AF75-FF4B-41B2-B394-BA4BC7ADA129}.Release|Any CPU.ActiveCfg = Release|Any CPU
		{9843AF75-FF4B-41B2-B394-BA4BC7ADA129}.Release|Any CPU.Build.0 = Release|Any CPU
	EndGlobalSection
	GlobalSection(SolutionProperties) = preSolution
		HideSolutionNode = FALSE
	EndGlobalSection
	GlobalSection(ExtensibilityGlobals) = postSolution
		SolutionGuid = {A093135C-8DF0-447E-983C-D6BFAEF20975}
	EndGlobalSection
EndGlobal
