
Microsoft Visual Studio Solution File, Format Version 12.00
# Visual Studio Version 16
VisualStudioVersion = 16.0.29613.14
MinimumVisualStudioVersion = 10.0.40219.1
Project("{9A19103F-16F7-4668-BE54-9A1E7A4F7556}") = "CareerCloudCore.UnitTests.Assignment5", "CareerCloudCore.UnitTests.Assignment5.csproj", "{C8EC7CB3-D50D-4AF1-8078-41FE0AAA182B}"
EndProject
Global
	GlobalSection(SolutionConfigurationPlatforms) = preSolution
		Debug|Any CPU = Debug|Any CPU
		Release|Any CPU = Release|Any CPU
	EndGlobalSection
	GlobalSection(ProjectConfigurationPlatforms) = postSolution
		{C8EC7CB3-D50D-4AF1-8078-41FE0AAA182B}.Debug|Any CPU.ActiveCfg = Debug|Any CPU
		{C8EC7CB3-D50D-4AF1-8078-41FE0AAA182B}.Debug|Any CPU.Build.0 = Debug|Any CPU
		{C8EC7CB3-D50D-4AF1-8078-41FE0AAA182B}.Release|Any CPU.ActiveCfg = Release|Any CPU
		{C8EC7CB3-D50D-4AF1-8078-41FE0AAA182B}.Release|Any CPU.Build.0 = Release|Any CPU
	EndGlobalSection
	GlobalSection(SolutionProperties) = preSolution
		HideSolutionNode = FALSE
	EndGlobalSection
	GlobalSection(ExtensibilityGlobals) = postSolution
		SolutionGuid = {9E18678D-7442-41D9-90E7-81B5CF3B2ADB}
	EndGlobalSection
EndGlobal
